
Microsoft Visual Studio Solution File, Format Version 12.00
# Visual Studio Version 17
VisualStudioVersion = 17.13.35825.156 d17.13
MinimumVisualStudioVersion = 10.0.40219.1
Project("{FAE04EC0-301F-11D3-BF4B-00C04F79EFBC}") = "FormsApp1", "FormsApp1\FormsApp1.csproj", "{A2AB10FE-33FD-40C3-8C64-0F85812435E4}"
EndProject
Global
	GlobalSection(SolutionConfigurationPlatforms) = preSolution
		Debug|Any CPU = Debug|Any CPU
		Release|Any CPU = Release|Any CPU
	EndGlobalSection
	GlobalSection(ProjectConfigurationPlatforms) = postSolution
		{A2AB10FE-33FD-40C3-8C64-0F85812435E4}.Debug|Any CPU.ActiveCfg = Debug|Any CPU
		{A2AB10FE-33FD-40C3-8C64-0F85812435E4}.Debug|Any CPU.Build.0 = Debug|Any CPU
		{A2AB10FE-33FD-40C3-8C64-0F85812435E4}.Release|Any CPU.ActiveCfg = Release|Any CPU
		{A2AB10FE-33FD-40C3-8C64-0F85812435E4}.Release|Any CPU.Build.0 = Release|Any CPU
	EndGlobalSection
	GlobalSection(SolutionProperties) = preSolution
		HideSolutionNode = FALSE
	EndGlobalSection
	GlobalSection(ExtensibilityGlobals) = postSolution
		SolutionGuid = {92AD27C3-967A-4858-8D08-67820F2B1D5A}
	EndGlobalSection
EndGlobal
